
Microsoft Visual Studio Solution File, Format Version 12.00
# Visual Studio Version 17
VisualStudioVersion = 17.4.33213.308
MinimumVisualStudioVersion = 10.0.40219.1
Project("{FAE04EC0-301F-11D3-BF4B-00C04F79EFBC}") = "Introducción a LINQ - 1 Oscar", "Introducción a LINQ - 1 Oscar\Introducción a LINQ - 1 Oscar.csproj", "{BAC0A1E7-CEA7-4855-BD7E-57CBE33E8732}"
EndProject
Global
	GlobalSection(SolutionConfigurationPlatforms) = preSolution
		Debug|Any CPU = Debug|Any CPU
		Release|Any CPU = Release|Any CPU
	EndGlobalSection
	GlobalSection(ProjectConfigurationPlatforms) = postSolution
		{BAC0A1E7-CEA7-4855-BD7E-57CBE33E8732}.Debug|Any CPU.ActiveCfg = Debug|Any CPU
		{BAC0A1E7-CEA7-4855-BD7E-57CBE33E8732}.Debug|Any CPU.Build.0 = Debug|Any CPU
		{BAC0A1E7-CEA7-4855-BD7E-57CBE33E8732}.Release|Any CPU.ActiveCfg = Release|Any CPU
		{BAC0A1E7-CEA7-4855-BD7E-57CBE33E8732}.Release|Any CPU.Build.0 = Release|Any CPU
	EndGlobalSection
	GlobalSection(SolutionProperties) = preSolution
		HideSolutionNode = FALSE
	EndGlobalSection
	GlobalSection(ExtensibilityGlobals) = postSolution
		SolutionGuid = {A2EBC116-7344-4856-992E-3DB97C62B37C}
	EndGlobalSection
EndGlobal
