
Microsoft Visual Studio Solution File, Format Version 12.00
# Visual Studio Version 17
VisualStudioVersion = 17.4.33213.308
MinimumVisualStudioVersion = 10.0.40219.1
Project("{FAE04EC0-301F-11D3-BF4B-00C04F79EFBC}") = "Modos diferido e inmediato - 2", "Modos diferido e inmediato - 2\Modos diferido e inmediato - 2.csproj", "{D2231B1E-FD93-4C19-85FF-B83C873AAA49}"
EndProject
Global
	GlobalSection(SolutionConfigurationPlatforms) = preSolution
		Debug|Any CPU = Debug|Any CPU
		Release|Any CPU = Release|Any CPU
	EndGlobalSection
	GlobalSection(ProjectConfigurationPlatforms) = postSolution
		{D2231B1E-FD93-4C19-85FF-B83C873AAA49}.Debug|Any CPU.ActiveCfg = Debug|Any CPU
		{D2231B1E-FD93-4C19-85FF-B83C873AAA49}.Debug|Any CPU.Build.0 = Debug|Any CPU
		{D2231B1E-FD93-4C19-85FF-B83C873AAA49}.Release|Any CPU.ActiveCfg = Release|Any CPU
		{D2231B1E-FD93-4C19-85FF-B83C873AAA49}.Release|Any CPU.Build.0 = Release|Any CPU
	EndGlobalSection
	GlobalSection(SolutionProperties) = preSolution
		HideSolutionNode = FALSE
	EndGlobalSection
	GlobalSection(ExtensibilityGlobals) = postSolution
		SolutionGuid = {BB80161E-A9A9-48EB-8915-1B369BCD8DF0}
	EndGlobalSection
EndGlobal
